# generated by rye
# use `rye lock` or `rye sync` to update this lockfile
#
# last locked with the following flags:
#   pre: false
#   features: []
#   all-features: false
#   with-sources: false
#   generate-hashes: false
#   universal: false

-e file:.
ac-library-python @ git+https://github.com/not522/ac-library-python@58f324ec020d57191e7b9e4957b0c5feb5ed3aff
    # via atcoder
bitarray==2.6.2
    # via atcoder
more-itertools==9.0.0
    # via atcoder
mpmath==1.2.1
    # via atcoder
    # via sympy
mypy==1.11.0
mypy-extensions==1.0.0
    # via mypy
networkx==3.0
    # via atcoder
numpy==1.24.1
    # via atcoder
    # via pandas
    # via scipy
pandas==1.5.2
    # via atcoder
python-dateutil==2.9.0.post0
    # via pandas
pytz==2024.1
    # via pandas
ruff==0.5.5
scipy==1.10.1
    # via atcoder
six==1.16.0
    # via python-dateutil
sortedcontainers==2.4.0
    # via atcoder
sympy==1.11.1
    # via atcoder
typing-extensions==4.12.2
    # via mypy
